
Microsoft Visual Studio Solution File, Format Version 12.00
# Visual Studio Version 17
VisualStudioVersion = 17.8.34330.188
MinimumVisualStudioVersion = 10.0.40219.1
Project("{FAE04EC0-301F-11D3-BF4B-00C04F79EFBC}") = "SampleChat", "SampleChat.csproj", "{FA1FD7EB-7D36-4A71-ACD8-C63E191DF33B}"
EndProject
Global
	GlobalSection(SolutionConfigurationPlatforms) = preSolution
		Debug|Any CPU = Debug|Any CPU
		Release|Any CPU = Release|Any CPU
	EndGlobalSection
	GlobalSection(ProjectConfigurationPlatforms) = postSolution
		{FA1FD7EB-7D36-4A71-ACD8-C63E191DF33B}.Debug|Any CPU.ActiveCfg = Debug|Any CPU
		{FA1FD7EB-7D36-4A71-ACD8-C63E191DF33B}.Debug|Any CPU.Build.0 = Debug|Any CPU
		{FA1FD7EB-7D36-4A71-ACD8-C63E191DF33B}.Release|Any CPU.ActiveCfg = Release|Any CPU
		{FA1FD7EB-7D36-4A71-ACD8-C63E191DF33B}.Release|Any CPU.Build.0 = Release|Any CPU
	EndGlobalSection
	GlobalSection(SolutionProperties) = preSolution
		HideSolutionNode = FALSE
	EndGlobalSection
	GlobalSection(ExtensibilityGlobals) = postSolution
		SolutionGuid = {842AF819-00B8-4EFC-94C0-8E3E8882BE40}
	EndGlobalSection
EndGlobal
